
Microsoft Visual Studio Solution File, Format Version 11.00
# Visual Studio 2010
Project("{7F163BBF-8E95-4FE4-A4DF-B72A35CE4055}") = "evogpupso", "evogpupso.vcxproj", "{9C493947-1E95-44C2-9508-F4A2939FBE4D}"
EndProject
Global
	GlobalSection(SolutionConfigurationPlatforms) = preSolution
		Debug|Win32 = Debug|Win32
		Release|Win32 = Release|Win32
	EndGlobalSection
	GlobalSection(ProjectConfigurationPlatforms) = postSolution
		{9C493947-1E95-44C2-9508-F4A2939FBE4D}.Debug|Win32.ActiveCfg = Debug|Win32
		{9C493947-1E95-44C2-9508-F4A2939FBE4D}.Debug|Win32.Build.0 = Debug|Win32
		{9C493947-1E95-44C2-9508-F4A2939FBE4D}.Release|Win32.ActiveCfg = Release|Win32
		{9C493947-1E95-44C2-9508-F4A2939FBE4D}.Release|Win32.Build.0 = Release|Win32
	EndGlobalSection
	GlobalSection(SolutionProperties) = preSolution
		HideSolutionNode = FALSE
	EndGlobalSection
EndGlobal
