<?xml version="1.0" encoding="utf-8"?>
<Project ToolsVersion="4.0" xmlns="http://schemas.microsoft.com/developer/msbuild/2003">
  <ItemGroup>
    <Filter Include="boilerplate">
      <UniqueIdentifier>{B517A6D9-F167-40D2-8625-5322CC768BEF}</UniqueIdentifier>
    </Filter>
  </ItemGroup>
  <ItemGroup>
    <ClCompile Include="stb_image.c">
      <Filter>boilerplate</Filter>
    </ClCompile>
    <ClCompile Include="evolisa_main.cpp" />
    <ClCompile Include="utils.cpp">
      <Filter>boilerplate</Filter>
    </ClCompile>
  </ItemGroup>
  <ItemGroup>
    <ClInclude Include="utils.h">
      <Filter>boilerplate</Filter>
    </ClInclude>
    <ClInclude Include="stb_image.h">
      <Filter>boilerplate</Filter>
    </ClInclude>
    <ClInclude Include="stb_image_write.h">
      <Filter>boilerplate</Filter>
    </ClInclude>
    <ClInclude Include="evolisa.h" />
  </ItemGroup>
  <ItemGroup>
    <CudaCompile Include="evo.cu" />
  </ItemGroup>
  <ItemGroup>
    <None Include="evo.py" />
  </ItemGroup>
</Project>